// !$*UTF8*$!
{
	archiveVersion = 1;
	classes = {
	};
	objectVersion = 52;
	objects = {

/* Begin PBXBuildFile section */
		598DC5614BC5C15705CD192A /* Pods_Bon_Voyage.framework in Frameworks */ = {isa = PBXBuildFile; fileRef = B408BEF7DBB9DBDD32213B45 /* Pods_Bon_Voyage.framework */; };
		C405B5712562DCBF003CFDF4 /* CheckoutVC.swift in Sources */ = {isa = PBXBuildFile; fileRef = C405B5702562DCBF003CFDF4 /* CheckoutVC.swift */; };
		C405B5762562F0D0003CFDF4 /* Constants.swift in Sources */ = {isa = PBXBuildFile; fileRef = C405B5752562F0D0003CFDF4 /* Constants.swift */; };
		C45508C02562D8A20027A80F /* SDWebImage in Frameworks */ = {isa = PBXBuildFile; productRef = C45508BF2562D8A20027A80F /* SDWebImage */; };
		C46A80F625013D07009FBA5A /* DemoData.swift in Sources */ = {isa = PBXBuildFile; fileRef = C46A80F525013D07009FBA5A /* DemoData.swift */; };
		C46A80FB25013D9A009FBA5A /* RoundedButton.swift in Sources */ = {isa = PBXBuildFile; fileRef = C46A80F825013D9A009FBA5A /* RoundedButton.swift */; };
		C46A80FC25013D9A009FBA5A /* CardView.swift in Sources */ = {isa = PBXBuildFile; fileRef = C46A80F925013D9A009FBA5A /* CardView.swift */; };
		C46A80FD25013D9A009FBA5A /* ShadowCardView.swift in Sources */ = {isa = PBXBuildFile; fileRef = C46A80FA25013D9A009FBA5A /* ShadowCardView.swift */; };
		C46A8100250141AA009FBA5A /* LogInRegisterVC.swift in Sources */ = {isa = PBXBuildFile; fileRef = C46A80FE250141AA009FBA5A /* LogInRegisterVC.swift */; };
		C46A8101250141AA009FBA5A /* LogInRegisterVC.xib in Resources */ = {isa = PBXBuildFile; fileRef = C46A80FF250141AA009FBA5A /* LogInRegisterVC.xib */; };
		C46A81052502A42C009FBA5A /* Vacation.swift in Sources */ = {isa = PBXBuildFile; fileRef = C46A81042502A42C009FBA5A /* Vacation.swift */; };
		C46A81092502A8A7009FBA5A /* VacationCell.swift in Sources */ = {isa = PBXBuildFile; fileRef = C46A81072502A8A7009FBA5A /* VacationCell.swift */; };
		C46A810A2502A8A7009FBA5A /* VacationCell.xib in Resources */ = {isa = PBXBuildFile; fileRef = C46A81082502A8A7009FBA5A /* VacationCell.xib */; };
		C46DF8EE24FEB5AF0028F37B /* AppDelegate.swift in Sources */ = {isa = PBXBuildFile; fileRef = C46DF8ED24FEB5AF0028F37B /* AppDelegate.swift */; };
		C46DF8F024FEB5AF0028F37B /* SceneDelegate.swift in Sources */ = {isa = PBXBuildFile; fileRef = C46DF8EF24FEB5AF0028F37B /* SceneDelegate.swift */; };
		C46DF8F224FEB5AF0028F37B /* HomeVC.swift in Sources */ = {isa = PBXBuildFile; fileRef = C46DF8F124FEB5AF0028F37B /* HomeVC.swift */; };
		C46DF8F524FEB5AF0028F37B /* Main.storyboard in Resources */ = {isa = PBXBuildFile; fileRef = C46DF8F324FEB5AF0028F37B /* Main.storyboard */; };
		C46DF8F724FEB5B00028F37B /* Assets.xcassets in Resources */ = {isa = PBXBuildFile; fileRef = C46DF8F624FEB5B00028F37B /* Assets.xcassets */; };
		C46DF8FA24FEB5B00028F37B /* LaunchScreen.storyboard in Resources */ = {isa = PBXBuildFile; fileRef = C46DF8F824FEB5B00028F37B /* LaunchScreen.storyboard */; };
		C47AFD7525ED4A13004FEAB4 /* ManageBankAccountsVC.swift in Sources */ = {isa = PBXBuildFile; fileRef = C47AFD7325ED4A13004FEAB4 /* ManageBankAccountsVC.swift */; };
		C47AFD7625ED4A13004FEAB4 /* ManageBankAccountsVC.xib in Resources */ = {isa = PBXBuildFile; fileRef = C47AFD7425ED4A13004FEAB4 /* ManageBankAccountsVC.xib */; };
		C47AFD9025ED5563004FEAB4 /* PlaidExtension.swift in Sources */ = {isa = PBXBuildFile; fileRef = C47AFD8F25ED5563004FEAB4 /* PlaidExtension.swift */; };
		C4817C2525A606FE002A284E /* User.swift in Sources */ = {isa = PBXBuildFile; fileRef = C4817C2425A606FE002A284E /* User.swift */; };
		C4817C2925A608D5002A284E /* UserManager.swift in Sources */ = {isa = PBXBuildFile; fileRef = C4817C2825A608D5002A284E /* UserManager.swift */; };
		C4817C2F25A61479002A284E /* StripeAPIClient.swift in Sources */ = {isa = PBXBuildFile; fileRef = C4817C2E25A61479002A284E /* StripeAPIClient.swift */; };
		C4817C3225A619B9002A284E /* Wallet.swift in Sources */ = {isa = PBXBuildFile; fileRef = C4817C3125A619B9002A284E /* Wallet.swift */; };
		C4817C4A25A6299D002A284E /* FeesCalculator.swift in Sources */ = {isa = PBXBuildFile; fileRef = C4817C4925A6299D002A284E /* FeesCalculator.swift */; };
		C4A6968125E7F6550094D076 /* PlaidApi.swift in Sources */ = {isa = PBXBuildFile; fileRef = C4A6968025E7F6550094D076 /* PlaidApi.swift */; };
		C4CAA48A25644806008D0FE8 /* ViewController+Ext.swift in Sources */ = {isa = PBXBuildFile; fileRef = C4CAA48925644806008D0FE8 /* ViewController+Ext.swift */; };
		C4CAA48D25644985008D0FE8 /* String+Ext.swift in Sources */ = {isa = PBXBuildFile; fileRef = C4CAA48C25644985008D0FE8 /* String+Ext.swift */; };
		C4F184E62507E99600E32E4B /* Integer.swift in Sources */ = {isa = PBXBuildFile; fileRef = C4F184E52507E99600E32E4B /* Integer.swift */; };
		C4F184E82507EBF900E32E4B /* VacationDetailsVC.swift in Sources */ = {isa = PBXBuildFile; fileRef = C4F184E72507EBF900E32E4B /* VacationDetailsVC.swift */; };
		C4F184EA25091F1C00E32E4B /* ThumbnailCell.swift in Sources */ = {isa = PBXBuildFile; fileRef = C4F184E925091F1C00E32E4B /* ThumbnailCell.swift */; };
/* End PBXBuildFile section */

/* Begin PBXFileReference section */
		06CA8FAF5B117D1B09EBBE6F /* Pods-Bon Voyage.release.xcconfig */ = {isa = PBXFileReference; includeInIndex = 1; lastKnownFileType = text.xcconfig; name = "Pods-Bon Voyage.release.xcconfig"; path = "Target Support Files/Pods-Bon Voyage/Pods-Bon Voyage.release.xcconfig"; sourceTree = "<group>"; };
		324A2DFC5DB2CBBB8D20C6B6 /* Pods-Bon Voyage.production-bon-voyage.xcconfig */ = {isa = PBXFileReference; includeInIndex = 1; lastKnownFileType = text.xcconfig; name = "Pods-Bon Voyage.production-bon-voyage.xcconfig"; path = "Target Support Files/Pods-Bon Voyage/Pods-Bon Voyage.production-bon-voyage.xcconfig"; sourceTree = "<group>"; };
		473C4C8E8F2E236AD4A32D9C /* Pods-Bon Voyage.dev-bon-voyage.xcconfig */ = {isa = PBXFileReference; includeInIndex = 1; lastKnownFileType = text.xcconfig; name = "Pods-Bon Voyage.dev-bon-voyage.xcconfig"; path = "Target Support Files/Pods-Bon Voyage/Pods-Bon Voyage.dev-bon-voyage.xcconfig"; sourceTree = "<group>"; };
		B408BEF7DBB9DBDD32213B45 /* Pods_Bon_Voyage.framework */ = {isa = PBXFileReference; explicitFileType = wrapper.framework; includeInIndex = 0; path = Pods_Bon_Voyage.framework; sourceTree = BUILT_PRODUCTS_DIR; };
		C405B5702562DCBF003CFDF4 /* CheckoutVC.swift */ = {isa = PBXFileReference; lastKnownFileType = sourcecode.swift; path = CheckoutVC.swift; sourceTree = "<group>"; };
		C405B5752562F0D0003CFDF4 /* Constants.swift */ = {isa = PBXFileReference; lastKnownFileType = sourcecode.swift; path = Constants.swift; sourceTree = "<group>"; };
		C468B21A25B0A2E600936201 /* GoogleService-Info.plist */ = {isa = PBXFileReference; lastKnownFileType = text.plist.xml; path = "GoogleService-Info.plist"; sourceTree = "<group>"; };
		C468B21F25B0B5D500936201 /* GoogleService-Info.plist */ = {isa = PBXFileReference; lastKnownFileType = text.plist.xml; path = "GoogleService-Info.plist"; sourceTree = "<group>"; };
		C46A80F525013D07009FBA5A /* DemoData.swift */ = {isa = PBXFileReference; fileEncoding = 4; lastKnownFileType = sourcecode.swift; path = DemoData.swift; sourceTree = "<group>"; };
		C46A80F825013D9A009FBA5A /* RoundedButton.swift */ = {isa = PBXFileReference; fileEncoding = 4; lastKnownFileType = sourcecode.swift; path = RoundedButton.swift; sourceTree = "<group>"; };
		C46A80F925013D9A009FBA5A /* CardView.swift */ = {isa = PBXFileReference; fileEncoding = 4; lastKnownFileType = sourcecode.swift; path = CardView.swift; sourceTree = "<group>"; };
		C46A80FA25013D9A009FBA5A /* ShadowCardView.swift */ = {isa = PBXFileReference; fileEncoding = 4; lastKnownFileType = sourcecode.swift; path = ShadowCardView.swift; sourceTree = "<group>"; };
		C46A80FE250141AA009FBA5A /* LogInRegisterVC.swift */ = {isa = PBXFileReference; lastKnownFileType = sourcecode.swift; path = LogInRegisterVC.swift; sourceTree = "<group>"; };
		C46A80FF250141AA009FBA5A /* LogInRegisterVC.xib */ = {isa = PBXFileReference; lastKnownFileType = file.xib; path = LogInRegisterVC.xib; sourceTree = "<group>"; };
		C46A81042502A42C009FBA5A /* Vacation.swift */ = {isa = PBXFileReference; lastKnownFileType = sourcecode.swift; path = Vacation.swift; sourceTree = "<group>"; };
		C46A81072502A8A7009FBA5A /* VacationCell.swift */ = {isa = PBXFileReference; lastKnownFileType = sourcecode.swift; path = VacationCell.swift; sourceTree = "<group>"; };
		C46A81082502A8A7009FBA5A /* VacationCell.xib */ = {isa = PBXFileReference; lastKnownFileType = file.xib; path = VacationCell.xib; sourceTree = "<group>"; };
		C46DF8EA24FEB5AF0028F37B /* Bon Voyage.app */ = {isa = PBXFileReference; explicitFileType = wrapper.application; includeInIndex = 0; path = "Bon Voyage.app"; sourceTree = BUILT_PRODUCTS_DIR; };
		C46DF8ED24FEB5AF0028F37B /* AppDelegate.swift */ = {isa = PBXFileReference; lastKnownFileType = sourcecode.swift; path = AppDelegate.swift; sourceTree = "<group>"; };
		C46DF8EF24FEB5AF0028F37B /* SceneDelegate.swift */ = {isa = PBXFileReference; lastKnownFileType = sourcecode.swift; path = SceneDelegate.swift; sourceTree = "<group>"; };
		C46DF8F124FEB5AF0028F37B /* HomeVC.swift */ = {isa = PBXFileReference; lastKnownFileType = sourcecode.swift; path = HomeVC.swift; sourceTree = "<group>"; };
		C46DF8F424FEB5AF0028F37B /* Base */ = {isa = PBXFileReference; lastKnownFileType = file.storyboard; name = Base; path = Base.lproj/Main.storyboard; sourceTree = "<group>"; };
		C46DF8F624FEB5B00028F37B /* Assets.xcassets */ = {isa = PBXFileReference; lastKnownFileType = folder.assetcatalog; path = Assets.xcassets; sourceTree = "<group>"; };
		C46DF8F924FEB5B00028F37B /* Base */ = {isa = PBXFileReference; lastKnownFileType = file.storyboard; name = Base; path = Base.lproj/LaunchScreen.storyboard; sourceTree = "<group>"; };
		C46DF8FB24FEB5B00028F37B /* Info.plist */ = {isa = PBXFileReference; lastKnownFileType = text.plist.xml; path = Info.plist; sourceTree = "<group>"; };
		C47AFD7325ED4A13004FEAB4 /* ManageBankAccountsVC.swift */ = {isa = PBXFileReference; lastKnownFileType = sourcecode.swift; path = ManageBankAccountsVC.swift; sourceTree = "<group>"; };
		C47AFD7425ED4A13004FEAB4 /* ManageBankAccountsVC.xib */ = {isa = PBXFileReference; lastKnownFileType = file.xib; path = ManageBankAccountsVC.xib; sourceTree = "<group>"; };
		C47AFD8F25ED5563004FEAB4 /* PlaidExtension.swift */ = {isa = PBXFileReference; lastKnownFileType = sourcecode.swift; path = PlaidExtension.swift; sourceTree = "<group>"; };
		C4817C2425A606FE002A284E /* User.swift */ = {isa = PBXFileReference; lastKnownFileType = sourcecode.swift; path = User.swift; sourceTree = "<group>"; };
		C4817C2825A608D5002A284E /* UserManager.swift */ = {isa = PBXFileReference; lastKnownFileType = sourcecode.swift; path = UserManager.swift; sourceTree = "<group>"; };
		C4817C2E25A61479002A284E /* StripeAPIClient.swift */ = {isa = PBXFileReference; lastKnownFileType = sourcecode.swift; path = StripeAPIClient.swift; sourceTree = "<group>"; };
		C4817C3125A619B9002A284E /* Wallet.swift */ = {isa = PBXFileReference; lastKnownFileType = sourcecode.swift; path = Wallet.swift; sourceTree = "<group>"; };
		C4817C4925A6299D002A284E /* FeesCalculator.swift */ = {isa = PBXFileReference; lastKnownFileType = sourcecode.swift; path = FeesCalculator.swift; sourceTree = "<group>"; };
		C4A6968025E7F6550094D076 /* PlaidApi.swift */ = {isa = PBXFileReference; lastKnownFileType = sourcecode.swift; path = PlaidApi.swift; sourceTree = "<group>"; };
		C4CAA48925644806008D0FE8 /* ViewController+Ext.swift */ = {isa = PBXFileReference; lastKnownFileType = sourcecode.swift; path = "ViewController+Ext.swift"; sourceTree = "<group>"; };
		C4CAA48C25644985008D0FE8 /* String+Ext.swift */ = {isa = PBXFileReference; lastKnownFileType = sourcecode.swift; path = "String+Ext.swift"; sourceTree = "<group>"; };
		C4F184E52507E99600E32E4B /* Integer.swift */ = {isa = PBXFileReference; lastKnownFileType = sourcecode.swift; path = Integer.swift; sourceTree = "<group>"; };
		C4F184E72507EBF900E32E4B /* VacationDetailsVC.swift */ = {isa = PBXFileReference; lastKnownFileType = sourcecode.swift; path = VacationDetailsVC.swift; sourceTree = "<group>"; };
		C4F184E925091F1C00E32E4B /* ThumbnailCell.swift */ = {isa = PBXFileReference; lastKnownFileType = sourcecode.swift; path = ThumbnailCell.swift; sourceTree = "<group>"; };
		C53CEB1AE41A6C32762AF50E /* Pods-Bon Voyage.debug.xcconfig */ = {isa = PBXFileReference; includeInIndex = 1; lastKnownFileType = text.xcconfig; name = "Pods-Bon Voyage.debug.xcconfig"; path = "Target Support Files/Pods-Bon Voyage/Pods-Bon Voyage.debug.xcconfig"; sourceTree = "<group>"; };
/* End PBXFileReference section */

/* Begin PBXFrameworksBuildPhase section */
		C46DF8E724FEB5AF0028F37B /* Frameworks */ = {
			isa = PBXFrameworksBuildPhase;
			buildActionMask = 2147483647;
			files = (
				C45508C02562D8A20027A80F /* SDWebImage in Frameworks */,
				598DC5614BC5C15705CD192A /* Pods_Bon_Voyage.framework in Frameworks */,
			);
			runOnlyForDeploymentPostprocessing = 0;
		};
/* End PBXFrameworksBuildPhase section */

/* Begin PBXGroup section */
		535701D7D00FC11DF11474DA /* Frameworks */ = {
			isa = PBXGroup;
			children = (
				B408BEF7DBB9DBDD32213B45 /* Pods_Bon_Voyage.framework */,
			);
			name = Frameworks;
			sourceTree = "<group>";
		};
		C468B20B25AF480700936201 /* Firebase */ = {
			isa = PBXGroup;
			children = (
				C468B21925B0A1FF00936201 /* Production */,
				C468B20D25AF481B00936201 /* Development */,
			);
			path = Firebase;
			sourceTree = "<group>";
		};
		C468B20D25AF481B00936201 /* Development */ = {
			isa = PBXGroup;
			children = (
				C468B21F25B0B5D500936201 /* GoogleService-Info.plist */,
			);
			path = Development;
			sourceTree = "<group>";
		};
		C468B21925B0A1FF00936201 /* Production */ = {
			isa = PBXGroup;
			children = (
				C468B21A25B0A2E600936201 /* GoogleService-Info.plist */,
			);
			path = Production;
			sourceTree = "<group>";
		};
		C46A80F725013D71009FBA5A /* Custom Views */ = {
			isa = PBXGroup;
			children = (
				C46A80F925013D9A009FBA5A /* CardView.swift */,
				C46A80F825013D9A009FBA5A /* RoundedButton.swift */,
				C46A80FA25013D9A009FBA5A /* ShadowCardView.swift */,
			);
			path = "Custom Views";
			sourceTree = "<group>";
		};
		C46A8102250141C9009FBA5A /* LogInRegister */ = {
			isa = PBXGroup;
			children = (
				C46A80FE250141AA009FBA5A /* LogInRegisterVC.swift */,
				C46A80FF250141AA009FBA5A /* LogInRegisterVC.xib */,
			);
			path = LogInRegister;
			sourceTree = "<group>";
		};
		C46A81032502A41C009FBA5A /* Models */ = {
			isa = PBXGroup;
			children = (
				C46A81042502A42C009FBA5A /* Vacation.swift */,
				C4817C2425A606FE002A284E /* User.swift */,
			);
			path = Models;
			sourceTree = "<group>";
		};
		C46A81062502A87A009FBA5A /* Cells */ = {
			isa = PBXGroup;
			children = (
				C46A81072502A8A7009FBA5A /* VacationCell.swift */,
				C46A81082502A8A7009FBA5A /* VacationCell.xib */,
				C4F184E925091F1C00E32E4B /* ThumbnailCell.swift */,
			);
			path = Cells;
			sourceTree = "<group>";
		};
		C46DF8E124FEB5AF0028F37B = {
			isa = PBXGroup;
			children = (
				C46DF8EC24FEB5AF0028F37B /* Bon Voyage */,
				C46DF8EB24FEB5AF0028F37B /* Products */,
				F162ADB7750F316C29251BE3 /* Pods */,
				535701D7D00FC11DF11474DA /* Frameworks */,
			);
			sourceTree = "<group>";
		};
		C46DF8EB24FEB5AF0028F37B /* Products */ = {
			isa = PBXGroup;
			children = (
				C46DF8EA24FEB5AF0028F37B /* Bon Voyage.app */,
			);
			name = Products;
			sourceTree = "<group>";
		};
		C46DF8EC24FEB5AF0028F37B /* Bon Voyage */ = {
			isa = PBXGroup;
			children = (
				C468B20B25AF480700936201 /* Firebase */,
				C4A6967F25E7F62A0094D076 /* Plaid */,
				C4817C2C25A61428002A284E /* Stripe */,
				C4817C2725A608BF002A284E /* Services */,
				C405B5752562F0D0003CFDF4 /* Constants.swift */,
				C4F184E42507E97600E32E4B /* Extensions */,
				C46A81062502A87A009FBA5A /* Cells */,
				C46A81032502A41C009FBA5A /* Models */,
				C46A80F725013D71009FBA5A /* Custom Views */,
				C46A8102250141C9009FBA5A /* LogInRegister */,
				C46DF8F124FEB5AF0028F37B /* HomeVC.swift */,
				C4F184E72507EBF900E32E4B /* VacationDetailsVC.swift */,
				C405B5702562DCBF003CFDF4 /* CheckoutVC.swift */,
				C46A80F525013D07009FBA5A /* DemoData.swift */,
				C46DF8ED24FEB5AF0028F37B /* AppDelegate.swift */,
				C46DF8EF24FEB5AF0028F37B /* SceneDelegate.swift */,
				C46DF8F324FEB5AF0028F37B /* Main.storyboard */,
				C46DF8F624FEB5B00028F37B /* Assets.xcassets */,
				C46DF8F824FEB5B00028F37B /* LaunchScreen.storyboard */,
				C46DF8FB24FEB5B00028F37B /* Info.plist */,
			);
			path = "Bon Voyage";
			sourceTree = "<group>";
		};
		C4817C2725A608BF002A284E /* Services */ = {
			isa = PBXGroup;
			children = (
				C4817C2825A608D5002A284E /* UserManager.swift */,
			);
			path = Services;
			sourceTree = "<group>";
		};
		C4817C2C25A61428002A284E /* Stripe */ = {
			isa = PBXGroup;
			children = (
				C4817C2E25A61479002A284E /* StripeAPIClient.swift */,
				C4817C3125A619B9002A284E /* Wallet.swift */,
				C4817C4925A6299D002A284E /* FeesCalculator.swift */,
			);
			path = Stripe;
			sourceTree = "<group>";
		};
		C4A6967F25E7F62A0094D076 /* Plaid */ = {
			isa = PBXGroup;
			children = (
				C4A6968025E7F6550094D076 /* PlaidApi.swift */,
				C47AFD7325ED4A13004FEAB4 /* ManageBankAccountsVC.swift */,
				C47AFD7425ED4A13004FEAB4 /* ManageBankAccountsVC.xib */,
				C47AFD8F25ED5563004FEAB4 /* PlaidExtension.swift */,
			);
			path = Plaid;
			sourceTree = "<group>";
		};
		C4F184E42507E97600E32E4B /* Extensions */ = {
			isa = PBXGroup;
			children = (
				C4F184E52507E99600E32E4B /* Integer.swift */,
				C4CAA48925644806008D0FE8 /* ViewController+Ext.swift */,
				C4CAA48C25644985008D0FE8 /* String+Ext.swift */,
			);
			path = Extensions;
			sourceTree = "<group>";
		};
		F162ADB7750F316C29251BE3 /* Pods */ = {
			isa = PBXGroup;
			children = (
				C53CEB1AE41A6C32762AF50E /* Pods-Bon Voyage.debug.xcconfig */,
				473C4C8E8F2E236AD4A32D9C /* Pods-Bon Voyage.dev-bon-voyage.xcconfig */,
				06CA8FAF5B117D1B09EBBE6F /* Pods-Bon Voyage.release.xcconfig */,
				324A2DFC5DB2CBBB8D20C6B6 /* Pods-Bon Voyage.production-bon-voyage.xcconfig */,
			);
			path = Pods;
			sourceTree = "<group>";
		};
/* End PBXGroup section */

/* Begin PBXNativeTarget section */
		C46DF8E924FEB5AF0028F37B /* Bon Voyage */ = {
			isa = PBXNativeTarget;
			buildConfigurationList = C46DF91424FEB5B00028F37B /* Build configuration list for PBXNativeTarget "Bon Voyage" */;
			buildPhases = (
				381EA1083732B6F85310B6E5 /* [CP] Check Pods Manifest.lock */,
				C46DF8E624FEB5AF0028F37B /* Sources */,
				C46DF8E724FEB5AF0028F37B /* Frameworks */,
				C468B21125AF514600936201 /* Setup Firebase Env */,
				C46DF8E824FEB5AF0028F37B /* Resources */,
				E1A9C71AD4256548D36191DB /* [CP] Embed Pods Frameworks */,
			);
			buildRules = (
			);
			dependencies = (
			);
			name = "Bon Voyage";
			packageProductDependencies = (
				C45508BF2562D8A20027A80F /* SDWebImage */,
			);
			productName = "Bon Voyage";
			productReference = C46DF8EA24FEB5AF0028F37B /* Bon Voyage.app */;
			productType = "com.apple.product-type.application";
		};
/* End PBXNativeTarget section */

/* Begin PBXProject section */
		C46DF8E224FEB5AF0028F37B /* Project object */ = {
			isa = PBXProject;
			attributes = {
				LastSwiftUpdateCheck = 1200;
				LastUpgradeCheck = 1200;
				TargetAttributes = {
					C46DF8E924FEB5AF0028F37B = {
						CreatedOnToolsVersion = 12.0;
					};
				};
			};
			buildConfigurationList = C46DF8E524FEB5AF0028F37B /* Build configuration list for PBXProject "Bon Voyage" */;
			compatibilityVersion = "Xcode 9.3";
			developmentRegion = en;
			hasScannedForEncodings = 0;
			knownRegions = (
				en,
				Base,
			);
			mainGroup = C46DF8E124FEB5AF0028F37B;
			packageReferences = (
				C46A810B2502ADCD009FBA5A /* XCRemoteSwiftPackageReference "SDWebImage" */,
			);
			productRefGroup = C46DF8EB24FEB5AF0028F37B /* Products */;
			projectDirPath = "";
			projectRoot = "";
			targets = (
				C46DF8E924FEB5AF0028F37B /* Bon Voyage */,
			);
		};
/* End PBXProject section */

/* Begin PBXResourcesBuildPhase section */
		C46DF8E824FEB5AF0028F37B /* Resources */ = {
			isa = PBXResourcesBuildPhase;
			buildActionMask = 2147483647;
			files = (
				C46DF8FA24FEB5B00028F37B /* LaunchScreen.storyboard in Resources */,
				C46DF8F724FEB5B00028F37B /* Assets.xcassets in Resources */,
				C46DF8F524FEB5AF0028F37B /* Main.storyboard in Resources */,
				C46A810A2502A8A7009FBA5A /* VacationCell.xib in Resources */,
				C47AFD7625ED4A13004FEAB4 /* ManageBankAccountsVC.xib in Resources */,
				C46A8101250141AA009FBA5A /* LogInRegisterVC.xib in Resources */,
			);
			runOnlyForDeploymentPostprocessing = 0;
		};
/* End PBXResourcesBuildPhase section */

/* Begin PBXShellScriptBuildPhase section */
		381EA1083732B6F85310B6E5 /* [CP] Check Pods Manifest.lock */ = {
			isa = PBXShellScriptBuildPhase;
			buildActionMask = 2147483647;
			files = (
			);
			inputFileListPaths = (
			);
			inputPaths = (
				"${PODS_PODFILE_DIR_PATH}/Podfile.lock",
				"${PODS_ROOT}/Manifest.lock",
			);
			name = "[CP] Check Pods Manifest.lock";
			outputFileListPaths = (
			);
			outputPaths = (
				"$(DERIVED_FILE_DIR)/Pods-Bon Voyage-checkManifestLockResult.txt",
			);
			runOnlyForDeploymentPostprocessing = 0;
			shellPath = /bin/sh;
			shellScript = "diff \"${PODS_PODFILE_DIR_PATH}/Podfile.lock\" \"${PODS_ROOT}/Manifest.lock\" > /dev/null\nif [ $? != 0 ] ; then\n    # print error to STDERR\n    echo \"error: The sandbox is not in sync with the Podfile.lock. Run 'pod install' or update your CocoaPods installation.\" >&2\n    exit 1\nfi\n# This output is used by Xcode 'outputs' to avoid re-running this script phase.\necho \"SUCCESS\" > \"${SCRIPT_OUTPUT_FILE_0}\"\n";
			showEnvVarsInLog = 0;
		};
		C468B21125AF514600936201 /* Setup Firebase Env */ = {
			isa = PBXShellScriptBuildPhase;
			buildActionMask = 2147483647;
			files = (
			);
			inputFileListPaths = (
			);
			inputPaths = (
			);
			name = "Setup Firebase Env";
			outputFileListPaths = (
			);
			outputPaths = (
			);
			runOnlyForDeploymentPostprocessing = 0;
			shellPath = /bin/sh;
			shellScript = "# Type a script or drag a script file from your workspace to insert its path.\n# Name of the resource we're selectively copying\nGOOGLESERVICE_INFO_PLIST=GoogleService-Info.plist\n\n# Get references to dev and prod versions of the GoogleService-Info.plist\n# NOTE: These should only live on the file system and should NOT be part of the target (since we'll be adding them to the target manually)\nGOOGLESERVICE_INFO_DEV=${PROJECT_DIR}/\"Bon Voyage\"/Firebase/Development/${GOOGLESERVICE_INFO_PLIST}\nGOOGLESERVICE_INFO_PROD=${PROJECT_DIR}/\"Bon Voyage\"/Firebase/Production/${GOOGLESERVICE_INFO_PLIST}\n\n# Make sure the dev version of GoogleService-Info.plist exists\necho \"Looking for ${GOOGLESERVICE_INFO_PLIST} in ${GOOGLESERVICE_INFO_DEV}\"\nif [[ ! -f $GOOGLESERVICE_INFO_DEV ]] \nthen\necho \"No Development GoogleService-Info.plist found. Please ensure it's in the proper directory.\"\nexit 1\nfi\n\n# Make sure the prod version of GoogleService-Info.plist exists\necho \"Looking for ${GOOGLESERVICE_INFO_PLIST} in ${GOOGLESERVICE_INFO_PROD}\"\nif [[ ! -f $GOOGLESERVICE_INFO_PROD ]]\nthen\necho \"No Production GoogleService-Info.plist found. Please ensure it's in the proper directory.\"\nexit 1\nfi\n\n# Get a reference to the destination location for the GoogleService-Info.plist\nPLIST_DESTINATION=${BUILT_PRODUCTS_DIR}/${PRODUCT_NAME}.app\necho \"Will copy ${GOOGLESERVICE_INFO_PLIST} to final destination: ${PLIST_DESTINATION}\"\n\n# Copy over the prod GoogleService-Info.plist for Release builds\nif [ \"${CONFIGURATION}\" == \"production-bon-voyage\" ]\nthen\necho \"Using ${GOOGLESERVICE_INFO_PROD}\"\ncp \"${GOOGLESERVICE_INFO_PROD}\" \"${PLIST_DESTINATION}\"\nelse\necho \"Using ${GOOGLESERVICE_INFO_DEV}\"\ncp \"${GOOGLESERVICE_INFO_DEV}\" \"${PLIST_DESTINATION}\"\nfi\n";
		};
		E1A9C71AD4256548D36191DB /* [CP] Embed Pods Frameworks */ = {
			isa = PBXShellScriptBuildPhase;
			buildActionMask = 2147483647;
			files = (
			);
			inputFileListPaths = (
				"${PODS_ROOT}/Target Support Files/Pods-Bon Voyage/Pods-Bon Voyage-frameworks-${CONFIGURATION}-input-files.xcfilelist",
			);
			name = "[CP] Embed Pods Frameworks";
			outputFileListPaths = (
				"${PODS_ROOT}/Target Support Files/Pods-Bon Voyage/Pods-Bon Voyage-frameworks-${CONFIGURATION}-output-files.xcfilelist",
			);
			runOnlyForDeploymentPostprocessing = 0;
			shellPath = /bin/sh;
			shellScript = "\"${PODS_ROOT}/Target Support Files/Pods-Bon Voyage/Pods-Bon Voyage-frameworks.sh\"\n";
			showEnvVarsInLog = 0;
		};
/* End PBXShellScriptBuildPhase section */

/* Begin PBXSourcesBuildPhase section */
		C46DF8E624FEB5AF0028F37B /* Sources */ = {
			isa = PBXSourcesBuildPhase;
			buildActionMask = 2147483647;
			files = (
				C47AFD7525ED4A13004FEAB4 /* ManageBankAccountsVC.swift in Sources */,
				C405B5712562DCBF003CFDF4 /* CheckoutVC.swift in Sources */,
				C46A80F625013D07009FBA5A /* DemoData.swift in Sources */,
				C4817C2925A608D5002A284E /* UserManager.swift in Sources */,
				C46A80FB25013D9A009FBA5A /* RoundedButton.swift in Sources */,
				C4817C4A25A6299D002A284E /* FeesCalculator.swift in Sources */,
				C47AFD9025ED5563004FEAB4 /* PlaidExtension.swift in Sources */,
				C4817C2F25A61479002A284E /* StripeAPIClient.swift in Sources */,
				C4CAA48D25644985008D0FE8 /* String+Ext.swift in Sources */,
				C46A81052502A42C009FBA5A /* Vacation.swift in Sources */,
				C46DF8F224FEB5AF0028F37B /* HomeVC.swift in Sources */,
				C405B5762562F0D0003CFDF4 /* Constants.swift in Sources */,
				C46DF8EE24FEB5AF0028F37B /* AppDelegate.swift in Sources */,
				C46A80FD25013D9A009FBA5A /* ShadowCardView.swift in Sources */,
				C46A81092502A8A7009FBA5A /* VacationCell.swift in Sources */,
				C46A80FC25013D9A009FBA5A /* CardView.swift in Sources */,
				C46DF8F024FEB5AF0028F37B /* SceneDelegate.swift in Sources */,
				C4A6968125E7F6550094D076 /* PlaidApi.swift in Sources */,
				C4F184EA25091F1C00E32E4B /* ThumbnailCell.swift in Sources */,
				C4817C3225A619B9002A284E /* Wallet.swift in Sources */,
				C4F184E62507E99600E32E4B /* Integer.swift in Sources */,
				C4817C2525A606FE002A284E /* User.swift in Sources */,
				C4F184E82507EBF900E32E4B /* VacationDetailsVC.swift in Sources */,
				C4CAA48A25644806008D0FE8 /* ViewController+Ext.swift in Sources */,
				C46A8100250141AA009FBA5A /* LogInRegisterVC.swift in Sources */,
			);
			runOnlyForDeploymentPostprocessing = 0;
		};
/* End PBXSourcesBuildPhase section */

/* Begin PBXVariantGroup section */
		C46DF8F324FEB5AF0028F37B /* Main.storyboard */ = {
			isa = PBXVariantGroup;
			children = (
				C46DF8F424FEB5AF0028F37B /* Base */,
			);
			name = Main.storyboard;
			sourceTree = "<group>";
		};
		C46DF8F824FEB5B00028F37B /* LaunchScreen.storyboard */ = {
			isa = PBXVariantGroup;
			children = (
				C46DF8F924FEB5B00028F37B /* Base */,
			);
			name = LaunchScreen.storyboard;
			sourceTree = "<group>";
		};
/* End PBXVariantGroup section */

/* Begin XCBuildConfiguration section */
		C410053F25AC9DEB00342BE8 /* dev-bon-voyage */ = {
			isa = XCBuildConfiguration;
			buildSettings = {
				ALWAYS_SEARCH_USER_PATHS = NO;
				CLANG_ANALYZER_NONNULL = YES;
				CLANG_ANALYZER_NUMBER_OBJECT_CONVERSION = YES_AGGRESSIVE;
				CLANG_CXX_LANGUAGE_STANDARD = "gnu++14";
				CLANG_CXX_LIBRARY = "libc++";
				CLANG_ENABLE_MODULES = YES;
				CLANG_ENABLE_OBJC_ARC = YES;
				CLANG_ENABLE_OBJC_WEAK = YES;
				CLANG_WARN_BLOCK_CAPTURE_AUTORELEASING = YES;
				CLANG_WARN_BOOL_CONVERSION = YES;
				CLANG_WARN_COMMA = YES;
				CLANG_WARN_CONSTANT_CONVERSION = YES;
				CLANG_WARN_DEPRECATED_OBJC_IMPLEMENTATIONS = YES;
				CLANG_WARN_DIRECT_OBJC_ISA_USAGE = YES_ERROR;
				CLANG_WARN_DOCUMENTATION_COMMENTS = YES;
				CLANG_WARN_EMPTY_BODY = YES;
				CLANG_WARN_ENUM_CONVERSION = YES;
				CLANG_WARN_INFINITE_RECURSION = YES;
				CLANG_WARN_INT_CONVERSION = YES;
				CLANG_WARN_NON_LITERAL_NULL_CONVERSION = YES;
				CLANG_WARN_OBJC_IMPLICIT_RETAIN_SELF = YES;
				CLANG_WARN_OBJC_LITERAL_CONVERSION = YES;
				CLANG_WARN_OBJC_ROOT_CLASS = YES_ERROR;
				CLANG_WARN_QUOTED_INCLUDE_IN_FRAMEWORK_HEADER = YES;
				CLANG_WARN_RANGE_LOOP_ANALYSIS = YES;
				CLANG_WARN_STRICT_PROTOTYPES = YES;
				CLANG_WARN_SUSPICIOUS_MOVE = YES;
				CLANG_WARN_UNGUARDED_AVAILABILITY = YES_AGGRESSIVE;
				CLANG_WARN_UNREACHABLE_CODE = YES;
				CLANG_WARN__DUPLICATE_METHOD_MATCH = YES;
				COPY_PHASE_STRIP = NO;
				DEBUG_INFORMATION_FORMAT = dwarf;
				ENABLE_STRICT_OBJC_MSGSEND = YES;
				ENABLE_TESTABILITY = YES;
				GCC_C_LANGUAGE_STANDARD = gnu11;
				GCC_DYNAMIC_NO_PIC = NO;
				GCC_NO_COMMON_BLOCKS = YES;
				GCC_OPTIMIZATION_LEVEL = 0;
				GCC_PREPROCESSOR_DEFINITIONS = (
					"DEBUG=1",
					"$(inherited)",
				);
				GCC_WARN_64_TO_32_BIT_CONVERSION = YES;
				GCC_WARN_ABOUT_RETURN_TYPE = YES_ERROR;
				GCC_WARN_UNDECLARED_SELECTOR = YES;
				GCC_WARN_UNINITIALIZED_AUTOS = YES_AGGRESSIVE;
				GCC_WARN_UNUSED_FUNCTION = YES;
				GCC_WARN_UNUSED_VARIABLE = YES;
				IPHONEOS_DEPLOYMENT_TARGET = 13.0;
				MTL_ENABLE_DEBUG_INFO = INCLUDE_SOURCE;
				MTL_FAST_MATH = YES;
				ONLY_ACTIVE_ARCH = YES;
				SDKROOT = iphoneos;
				SWIFT_ACTIVE_COMPILATION_CONDITIONS = DEBUG;
				SWIFT_OPTIMIZATION_LEVEL = "-Onone";
			};
			name = "dev-bon-voyage";
		};
		C410054025AC9DEB00342BE8 /* dev-bon-voyage */ = {
			isa = XCBuildConfiguration;
			baseConfigurationReference = 473C4C8E8F2E236AD4A32D9C /* Pods-Bon Voyage.dev-bon-voyage.xcconfig */;
			buildSettings = {
				ASSETCATALOG_COMPILER_APPICON_NAME = AppIcon.dev;
				ASSETCATALOG_COMPILER_GLOBAL_ACCENT_COLOR_NAME = AccentColor;
				CODE_SIGN_STYLE = Automatic;
				DEVELOPMENT_TEAM = 555CBMTQ4N;
				INFOPLIST_FILE = "Bon Voyage/Info.plist";
				IPHONEOS_DEPLOYMENT_TARGET = 13.0;
				LD_RUNPATH_SEARCH_PATHS = (
					"$(inherited)",
					"@executable_path/Frameworks",
				);
				PRODUCT_BUNDLE_IDENTIFIER = "com.sjlearmonth.Bon-Voyage-dev";
				PRODUCT_NAME = "$(TARGET_NAME)";
				SWIFT_ACTIVE_COMPILATION_CONDITIONS = DEV;
				SWIFT_VERSION = 5.0;
				TARGETED_DEVICE_FAMILY = "1,2";
			};
			name = "dev-bon-voyage";
		};
		C410054125AC9E1300342BE8 /* production-bon-voyage */ = {
			isa = XCBuildConfiguration;
			buildSettings = {
				ALWAYS_SEARCH_USER_PATHS = NO;
				CLANG_ANALYZER_NONNULL = YES;
				CLANG_ANALYZER_NUMBER_OBJECT_CONVERSION = YES_AGGRESSIVE;
				CLANG_CXX_LANGUAGE_STANDARD = "gnu++14";
				CLANG_CXX_LIBRARY = "libc++";
				CLANG_ENABLE_MODULES = YES;
				CLANG_ENABLE_OBJC_ARC = YES;
				CLANG_ENABLE_OBJC_WEAK = YES;
				CLANG_WARN_BLOCK_CAPTURE_AUTORELEASING = YES;
				CLANG_WARN_BOOL_CONVERSION = YES;
				CLANG_WARN_COMMA = YES;
				CLANG_WARN_CONSTANT_CONVERSION = YES;
				CLANG_WARN_DEPRECATED_OBJC_IMPLEMENTATIONS = YES;
				CLANG_WARN_DIRECT_OBJC_ISA_USAGE = YES_ERROR;
				CLANG_WARN_DOCUMENTATION_COMMENTS = YES;
				CLANG_WARN_EMPTY_BODY = YES;
				CLANG_WARN_ENUM_CONVERSION = YES;
				CLANG_WARN_INFINITE_RECURSION = YES;
				CLANG_WARN_INT_CONVERSION = YES;
				CLANG_WARN_NON_LITERAL_NULL_CONVERSION = YES;
				CLANG_WARN_OBJC_IMPLICIT_RETAIN_SELF = YES;
				CLANG_WARN_OBJC_LITERAL_CONVERSION = YES;
				CLANG_WARN_OBJC_ROOT_CLASS = YES_ERROR;
				CLANG_WARN_QUOTED_INCLUDE_IN_FRAMEWORK_HEADER = YES;
				CLANG_WARN_RANGE_LOOP_ANALYSIS = YES;
				CLANG_WARN_STRICT_PROTOTYPES = YES;
				CLANG_WARN_SUSPICIOUS_MOVE = YES;
				CLANG_WARN_UNGUARDED_AVAILABILITY = YES_AGGRESSIVE;
				CLANG_WARN_UNREACHABLE_CODE = YES;
				CLANG_WARN__DUPLICATE_METHOD_MATCH = YES;
				COPY_PHASE_STRIP = NO;
				DEBUG_INFORMATION_FORMAT = "dwarf-with-dsym";
				ENABLE_NS_ASSERTIONS = NO;
				ENABLE_STRICT_OBJC_MSGSEND = YES;
				GCC_C_LANGUAGE_STANDARD = gnu11;
				GCC_NO_COMMON_BLOCKS = YES;
				GCC_WARN_64_TO_32_BIT_CONVERSION = YES;
				GCC_WARN_ABOUT_RETURN_TYPE = YES_ERROR;
				GCC_WARN_UNDECLARED_SELECTOR = YES;
				GCC_WARN_UNINITIALIZED_AUTOS = YES_AGGRESSIVE;
				GCC_WARN_UNUSED_FUNCTION = YES;
				GCC_WARN_UNUSED_VARIABLE = YES;
				IPHONEOS_DEPLOYMENT_TARGET = 13.0;
				MTL_ENABLE_DEBUG_INFO = NO;
				MTL_FAST_MATH = YES;
				SDKROOT = iphoneos;
				SWIFT_COMPILATION_MODE = wholemodule;
				SWIFT_OPTIMIZATION_LEVEL = "-O";
				VALIDATE_PRODUCT = YES;
			};
			name = "production-bon-voyage";
		};
		C410054225AC9E1300342BE8 /* production-bon-voyage */ = {
			isa = XCBuildConfiguration;
			baseConfigurationReference = 324A2DFC5DB2CBBB8D20C6B6 /* Pods-Bon Voyage.production-bon-voyage.xcconfig */;
			buildSettings = {
				ASSETCATALOG_COMPILER_APPICON_NAME = AppIcon;
				ASSETCATALOG_COMPILER_GLOBAL_ACCENT_COLOR_NAME = AccentColor;
				CODE_SIGN_STYLE = Automatic;
				DEVELOPMENT_TEAM = 555CBMTQ4N;
				INFOPLIST_FILE = "Bon Voyage/Info.plist";
				IPHONEOS_DEPLOYMENT_TARGET = 13.0;
				LD_RUNPATH_SEARCH_PATHS = (
					"$(inherited)",
					"@executable_path/Frameworks",
				);
				PRODUCT_BUNDLE_IDENTIFIER = "com.sjlearmonth.Bon-Voyage";
				PRODUCT_NAME = "$(TARGET_NAME)";
				SWIFT_ACTIVE_COMPILATION_CONDITIONS = PRODUCTION;
				SWIFT_VERSION = 5.0;
				TARGETED_DEVICE_FAMILY = "1,2";
			};
			name = "production-bon-voyage";
		};
		C46DF91224FEB5B00028F37B /* Debug */ = {
			isa = XCBuildConfiguration;
			buildSettings = {
				ALWAYS_SEARCH_USER_PATHS = NO;
				CLANG_ANALYZER_NONNULL = YES;
				CLANG_ANALYZER_NUMBER_OBJECT_CONVERSION = YES_AGGRESSIVE;
				CLANG_CXX_LANGUAGE_STANDARD = "gnu++14";
				CLANG_CXX_LIBRARY = "libc++";
				CLANG_ENABLE_MODULES = YES;
				CLANG_ENABLE_OBJC_ARC = YES;
				CLANG_ENABLE_OBJC_WEAK = YES;
				CLANG_WARN_BLOCK_CAPTURE_AUTORELEASING = YES;
				CLANG_WARN_BOOL_CONVERSION = YES;
				CLANG_WARN_COMMA = YES;
				CLANG_WARN_CONSTANT_CONVERSION = YES;
				CLANG_WARN_DEPRECATED_OBJC_IMPLEMENTATIONS = YES;
				CLANG_WARN_DIRECT_OBJC_ISA_USAGE = YES_ERROR;
				CLANG_WARN_DOCUMENTATION_COMMENTS = YES;
				CLANG_WARN_EMPTY_BODY = YES;
				CLANG_WARN_ENUM_CONVERSION = YES;
				CLANG_WARN_INFINITE_RECURSION = YES;
				CLANG_WARN_INT_CONVERSION = YES;
				CLANG_WARN_NON_LITERAL_NULL_CONVERSION = YES;
				CLANG_WARN_OBJC_IMPLICIT_RETAIN_SELF = YES;
				CLANG_WARN_OBJC_LITERAL_CONVERSION = YES;
				CLANG_WARN_OBJC_ROOT_CLASS = YES_ERROR;
				CLANG_WARN_QUOTED_INCLUDE_IN_FRAMEWORK_HEADER = YES;
				CLANG_WARN_RANGE_LOOP_ANALYSIS = YES;
				CLANG_WARN_STRICT_PROTOTYPES = YES;
				CLANG_WARN_SUSPICIOUS_MOVE = YES;
				CLANG_WARN_UNGUARDED_AVAILABILITY = YES_AGGRESSIVE;
				CLANG_WARN_UNREACHABLE_CODE = YES;
				CLANG_WARN__DUPLICATE_METHOD_MATCH = YES;
				COPY_PHASE_STRIP = NO;
				DEBUG_INFORMATION_FORMAT = dwarf;
				ENABLE_STRICT_OBJC_MSGSEND = YES;
				ENABLE_TESTABILITY = YES;
				GCC_C_LANGUAGE_STANDARD = gnu11;
				GCC_DYNAMIC_NO_PIC = NO;
				GCC_NO_COMMON_BLOCKS = YES;
				GCC_OPTIMIZATION_LEVEL = 0;
				GCC_PREPROCESSOR_DEFINITIONS = (
					"DEBUG=1",
					"$(inherited)",
				);
				GCC_WARN_64_TO_32_BIT_CONVERSION = YES;
				GCC_WARN_ABOUT_RETURN_TYPE = YES_ERROR;
				GCC_WARN_UNDECLARED_SELECTOR = YES;
				GCC_WARN_UNINITIALIZED_AUTOS = YES_AGGRESSIVE;
				GCC_WARN_UNUSED_FUNCTION = YES;
				GCC_WARN_UNUSED_VARIABLE = YES;
				IPHONEOS_DEPLOYMENT_TARGET = 13.0;
				MTL_ENABLE_DEBUG_INFO = INCLUDE_SOURCE;
				MTL_FAST_MATH = YES;
				ONLY_ACTIVE_ARCH = YES;
				SDKROOT = iphoneos;
				SWIFT_ACTIVE_COMPILATION_CONDITIONS = DEBUG;
				SWIFT_OPTIMIZATION_LEVEL = "-Onone";
			};
			name = Debug;
		};
		C46DF91324FEB5B00028F37B /* Release */ = {
			isa = XCBuildConfiguration;
			buildSettings = {
				ALWAYS_SEARCH_USER_PATHS = NO;
				CLANG_ANALYZER_NONNULL = YES;
				CLANG_ANALYZER_NUMBER_OBJECT_CONVERSION = YES_AGGRESSIVE;
				CLANG_CXX_LANGUAGE_STANDARD = "gnu++14";
				CLANG_CXX_LIBRARY = "libc++";
				CLANG_ENABLE_MODULES = YES;
				CLANG_ENABLE_OBJC_ARC = YES;
				CLANG_ENABLE_OBJC_WEAK = YES;
				CLANG_WARN_BLOCK_CAPTURE_AUTORELEASING = YES;
				CLANG_WARN_BOOL_CONVERSION = YES;
				CLANG_WARN_COMMA = YES;
				CLANG_WARN_CONSTANT_CONVERSION = YES;
				CLANG_WARN_DEPRECATED_OBJC_IMPLEMENTATIONS = YES;
				CLANG_WARN_DIRECT_OBJC_ISA_USAGE = YES_ERROR;
				CLANG_WARN_DOCUMENTATION_COMMENTS = YES;
				CLANG_WARN_EMPTY_BODY = YES;
				CLANG_WARN_ENUM_CONVERSION = YES;
				CLANG_WARN_INFINITE_RECURSION = YES;
				CLANG_WARN_INT_CONVERSION = YES;
				CLANG_WARN_NON_LITERAL_NULL_CONVERSION = YES;
				CLANG_WARN_OBJC_IMPLICIT_RETAIN_SELF = YES;
				CLANG_WARN_OBJC_LITERAL_CONVERSION = YES;
				CLANG_WARN_OBJC_ROOT_CLASS = YES_ERROR;
				CLANG_WARN_QUOTED_INCLUDE_IN_FRAMEWORK_HEADER = YES;
				CLANG_WARN_RANGE_LOOP_ANALYSIS = YES;
				CLANG_WARN_STRICT_PROTOTYPES = YES;
				CLANG_WARN_SUSPICIOUS_MOVE = YES;
				CLANG_WARN_UNGUARDED_AVAILABILITY = YES_AGGRESSIVE;
				CLANG_WARN_UNREACHABLE_CODE = YES;
				CLANG_WARN__DUPLICATE_METHOD_MATCH = YES;
				COPY_PHASE_STRIP = NO;
				DEBUG_INFORMATION_FORMAT = "dwarf-with-dsym";
				ENABLE_NS_ASSERTIONS = NO;
				ENABLE_STRICT_OBJC_MSGSEND = YES;
				GCC_C_LANGUAGE_STANDARD = gnu11;
				GCC_NO_COMMON_BLOCKS = YES;
				GCC_WARN_64_TO_32_BIT_CONVERSION = YES;
				GCC_WARN_ABOUT_RETURN_TYPE = YES_ERROR;
				GCC_WARN_UNDECLARED_SELECTOR = YES;
				GCC_WARN_UNINITIALIZED_AUTOS = YES_AGGRESSIVE;
				GCC_WARN_UNUSED_FUNCTION = YES;
				GCC_WARN_UNUSED_VARIABLE = YES;
				IPHONEOS_DEPLOYMENT_TARGET = 13.0;
				MTL_ENABLE_DEBUG_INFO = NO;
				MTL_FAST_MATH = YES;
				SDKROOT = iphoneos;
				SWIFT_COMPILATION_MODE = wholemodule;
				SWIFT_OPTIMIZATION_LEVEL = "-O";
				VALIDATE_PRODUCT = YES;
			};
			name = Release;
		};
		C46DF91524FEB5B00028F37B /* Debug */ = {
			isa = XCBuildConfiguration;
			baseConfigurationReference = C53CEB1AE41A6C32762AF50E /* Pods-Bon Voyage.debug.xcconfig */;
			buildSettings = {
				ASSETCATALOG_COMPILER_APPICON_NAME = AppIcon;
				ASSETCATALOG_COMPILER_GLOBAL_ACCENT_COLOR_NAME = AccentColor;
				CODE_SIGN_STYLE = Automatic;
				DEVELOPMENT_TEAM = 555CBMTQ4N;
				INFOPLIST_FILE = "Bon Voyage/Info.plist";
				IPHONEOS_DEPLOYMENT_TARGET = 13.0;
				LD_RUNPATH_SEARCH_PATHS = (
					"$(inherited)",
					"@executable_path/Frameworks",
				);
				PRODUCT_BUNDLE_IDENTIFIER = "com.sjlearmonth.Bon-Voyage";
				PRODUCT_NAME = "$(TARGET_NAME)";
				SWIFT_VERSION = 5.0;
				TARGETED_DEVICE_FAMILY = "1,2";
			};
			name = Debug;
		};
		C46DF91624FEB5B00028F37B /* Release */ = {
			isa = XCBuildConfiguration;
			baseConfigurationReference = 06CA8FAF5B117D1B09EBBE6F /* Pods-Bon Voyage.release.xcconfig */;
			buildSettings = {
				ASSETCATALOG_COMPILER_APPICON_NAME = AppIcon;
				ASSETCATALOG_COMPILER_GLOBAL_ACCENT_COLOR_NAME = AccentColor;
				CODE_SIGN_STYLE = Automatic;
				DEVELOPMENT_TEAM = 555CBMTQ4N;
				INFOPLIST_FILE = "Bon Voyage/Info.plist";
				IPHONEOS_DEPLOYMENT_TARGET = 13.0;
				LD_RUNPATH_SEARCH_PATHS = (
					"$(inherited)",
					"@executable_path/Frameworks",
				);
				PRODUCT_BUNDLE_IDENTIFIER = "com.sjlearmonth.Bon-Voyage";
				PRODUCT_NAME = "$(TARGET_NAME)";
				SWIFT_VERSION = 5.0;
				TARGETED_DEVICE_FAMILY = "1,2";
			};
			name = Release;
		};
/* End XCBuildConfiguration section */

/* Begin XCConfigurationList section */
		C46DF8E524FEB5AF0028F37B /* Build configuration list for PBXProject "Bon Voyage" */ = {
			isa = XCConfigurationList;
			buildConfigurations = (
				C46DF91224FEB5B00028F37B /* Debug */,
				C410053F25AC9DEB00342BE8 /* dev-bon-voyage */,
				C46DF91324FEB5B00028F37B /* Release */,
				C410054125AC9E1300342BE8 /* production-bon-voyage */,
			);
			defaultConfigurationIsVisible = 0;
			defaultConfigurationName = Release;
		};
		C46DF91424FEB5B00028F37B /* Build configuration list for PBXNativeTarget "Bon Voyage" */ = {
			isa = XCConfigurationList;
			buildConfigurations = (
				C46DF91524FEB5B00028F37B /* Debug */,
				C410054025AC9DEB00342BE8 /* dev-bon-voyage */,
				C46DF91624FEB5B00028F37B /* Release */,
				C410054225AC9E1300342BE8 /* production-bon-voyage */,
			);
			defaultConfigurationIsVisible = 0;
			defaultConfigurationName = Release;
		};
/* End XCConfigurationList section */

/* Begin XCRemoteSwiftPackageReference section */
		C46A810B2502ADCD009FBA5A /* XCRemoteSwiftPackageReference "SDWebImage" */ = {
			isa = XCRemoteSwiftPackageReference;
			repositoryURL = "https://github.com/SDWebImage/SDWebImage.git";
			requirement = {
				kind = upToNextMajorVersion;
				minimumVersion = 5.9.0;
			};
		};
/* End XCRemoteSwiftPackageReference section */

/* Begin XCSwiftPackageProductDependency section */
		C45508BF2562D8A20027A80F /* SDWebImage */ = {
			isa = XCSwiftPackageProductDependency;
			package = C46A810B2502ADCD009FBA5A /* XCRemoteSwiftPackageReference "SDWebImage" */;
			productName = SDWebImage;
		};
/* End XCSwiftPackageProductDependency section */
	};
	rootObject = C46DF8E224FEB5AF0028F37B /* Project object */;
}
